// !$*UTF8*$!
{
	archiveVersion = 1;
	classes = {
	};
	objectVersion = 46;
	objects = {

/* Begin PBXBuildFile section */
		0120CC241D43D0F300833968 /* AppDelegate.swift in Sources */ = {isa = PBXBuildFile; fileRef = 0120CC231D43D0F300833968 /* AppDelegate.swift */; };
		0120CC261D43D0F300833968 /* ViewController.swift in Sources */ = {isa = PBXBuildFile; fileRef = 0120CC251D43D0F300833968 /* ViewController.swift */; };
		0120CC291D43D0F300833968 /* Main.storyboard in Resources */ = {isa = PBXBuildFile; fileRef = 0120CC271D43D0F300833968 /* Main.storyboard */; };
		0120CC2C1D43D0F300833968 /* RGB_Sliders.xcdatamodeld in Sources */ = {isa = PBXBuildFile; fileRef = 0120CC2A1D43D0F300833968 /* RGB_Sliders.xcdatamodeld */; };
		0120CC2E1D43D0F300833968 /* Assets.xcassets in Resources */ = {isa = PBXBuildFile; fileRef = 0120CC2D1D43D0F300833968 /* Assets.xcassets */; };
		0120CC311D43D0F300833968 /* LaunchScreen.storyboard in Resources */ = {isa = PBXBuildFile; fileRef = 0120CC2F1D43D0F300833968 /* LaunchScreen.storyboard */; };
		0120CC3C1D43D0F400833968 /* RGB_SlidersTests.swift in Sources */ = {isa = PBXBuildFile; fileRef = 0120CC3B1D43D0F400833968 /* RGB_SlidersTests.swift */; };
		0120CC471D43D0F400833968 /* RGB_SlidersUITests.swift in Sources */ = {isa = PBXBuildFile; fileRef = 0120CC461D43D0F400833968 /* RGB_SlidersUITests.swift */; };
/* End PBXBuildFile section */

/* Begin PBXContainerItemProxy section */
		0120CC381D43D0F400833968 /* PBXContainerItemProxy */ = {
			isa = PBXContainerItemProxy;
			containerPortal = 0120CC181D43D0F300833968 /* Project object */;
			proxyType = 1;
			remoteGlobalIDString = 0120CC1F1D43D0F300833968;
			remoteInfo = "RGB Sliders";
		};
		0120CC431D43D0F400833968 /* PBXContainerItemProxy */ = {
			isa = PBXContainerItemProxy;
			containerPortal = 0120CC181D43D0F300833968 /* Project object */;
			proxyType = 1;
			remoteGlobalIDString = 0120CC1F1D43D0F300833968;
			remoteInfo = "RGB Sliders";
		};
/* End PBXContainerItemProxy section */

/* Begin PBXFileReference section */
		0120CC201D43D0F300833968 /* RGB Sliders.app */ = {isa = PBXFileReference; explicitFileType = wrapper.application; includeInIndex = 0; path = "RGB Sliders.app"; sourceTree = BUILT_PRODUCTS_DIR; };
		0120CC231D43D0F300833968 /* AppDelegate.swift */ = {isa = PBXFileReference; lastKnownFileType = sourcecode.swift; path = AppDelegate.swift; sourceTree = "<group>"; };
		0120CC251D43D0F300833968 /* ViewController.swift */ = {isa = PBXFileReference; lastKnownFileType = sourcecode.swift; path = ViewController.swift; sourceTree = "<group>"; };
		0120CC281D43D0F300833968 /* Base */ = {isa = PBXFileReference; lastKnownFileType = file.storyboard; name = Base; path = Base.lproj/Main.storyboard; sourceTree = "<group>"; };
		0120CC2B1D43D0F300833968 /* RGB_Sliders.xcdatamodel */ = {isa = PBXFileReference; lastKnownFileType = wrapper.xcdatamodel; path = RGB_Sliders.xcdatamodel; sourceTree = "<group>"; };
		0120CC2D1D43D0F300833968 /* Assets.xcassets */ = {isa = PBXFileReference; lastKnownFileType = folder.assetcatalog; path = Assets.xcassets; sourceTree = "<group>"; };
		0120CC301D43D0F300833968 /* Base */ = {isa = PBXFileReference; lastKnownFileType = file.storyboard; name = Base; path = Base.lproj/LaunchScreen.storyboard; sourceTree = "<group>"; };
		0120CC321D43D0F300833968 /* Info.plist */ = {isa = PBXFileReference; lastKnownFileType = text.plist.xml; path = Info.plist; sourceTree = "<group>"; };
		0120CC371D43D0F400833968 /* RGB SlidersTests.xctest */ = {isa = PBXFileReference; explicitFileType = wrapper.cfbundle; includeInIndex = 0; path = "RGB SlidersTests.xctest"; sourceTree = BUILT_PRODUCTS_DIR; };
		0120CC3B1D43D0F400833968 /* RGB_SlidersTests.swift */ = {isa = PBXFileReference; lastKnownFileType = sourcecode.swift; path = RGB_SlidersTests.swift; sourceTree = "<group>"; };
		0120CC3D1D43D0F400833968 /* Info.plist */ = {isa = PBXFileReference; lastKnownFileType = text.plist.xml; path = Info.plist; sourceTree = "<group>"; };
		0120CC421D43D0F400833968 /* RGB SlidersUITests.xctest */ = {isa = PBXFileReference; explicitFileType = wrapper.cfbundle; includeInIndex = 0; path = "RGB SlidersUITests.xctest"; sourceTree = BUILT_PRODUCTS_DIR; };
		0120CC461D43D0F400833968 /* RGB_SlidersUITests.swift */ = {isa = PBXFileReference; lastKnownFileType = sourcecode.swift; path = RGB_SlidersUITests.swift; sourceTree = "<group>"; };
		0120CC481D43D0F400833968 /* Info.plist */ = {isa = PBXFileReference; lastKnownFileType = text.plist.xml; path = Info.plist; sourceTree = "<group>"; };
/* End PBXFileReference section */

/* Begin PBXFrameworksBuildPhase section */
		0120CC1D1D43D0F300833968 /* Frameworks */ = {
			isa = PBXFrameworksBuildPhase;
			buildActionMask = 2147483647;
			files = (
			);
			runOnlyForDeploymentPostprocessing = 0;
		};
		0120CC341D43D0F400833968 /* Frameworks */ = {
			isa = PBXFrameworksBuildPhase;
			buildActionMask = 2147483647;
			files = (
			);
			runOnlyForDeploymentPostprocessing = 0;
		};
		0120CC3F1D43D0F400833968 /* Frameworks */ = {
			isa = PBXFrameworksBuildPhase;
			buildActionMask = 2147483647;
			files = (
			);
			runOnlyForDeploymentPostprocessing = 0;
		};
/* End PBXFrameworksBuildPhase section */

/* Begin PBXGroup section */
		0120CC171D43D0F300833968 = {
			isa = PBXGroup;
			children = (
				0120CC221D43D0F300833968 /* RGB Sliders */,
				0120CC3A1D43D0F400833968 /* RGB SlidersTests */,
				0120CC451D43D0F400833968 /* RGB SlidersUITests */,
				0120CC211D43D0F300833968 /* Products */,
			);
			sourceTree = "<group>";
		};
		0120CC211D43D0F300833968 /* Products */ = {
			isa = PBXGroup;
			children = (
				0120CC201D43D0F300833968 /* RGB Sliders.app */,
				0120CC371D43D0F400833968 /* RGB SlidersTests.xctest */,
				0120CC421D43D0F400833968 /* RGB SlidersUITests.xctest */,
			);
			name = Products;
			sourceTree = "<group>";
		};
		0120CC221D43D0F300833968 /* RGB Sliders */ = {
			isa = PBXGroup;
			children = (
				0120CC231D43D0F300833968 /* AppDelegate.swift */,
				0120CC251D43D0F300833968 /* ViewController.swift */,
				0120CC271D43D0F300833968 /* Main.storyboard */,
				0120CC2D1D43D0F300833968 /* Assets.xcassets */,
				0120CC2F1D43D0F300833968 /* LaunchScreen.storyboard */,
				0120CC321D43D0F300833968 /* Info.plist */,
				0120CC2A1D43D0F300833968 /* RGB_Sliders.xcdatamodeld */,
			);
			path = "RGB Sliders";
			sourceTree = "<group>";
		};
		0120CC3A1D43D0F400833968 /* RGB SlidersTests */ = {
			isa = PBXGroup;
			children = (
				0120CC3B1D43D0F400833968 /* RGB_SlidersTests.swift */,
				0120CC3D1D43D0F400833968 /* Info.plist */,
			);
			path = "RGB SlidersTests";
			sourceTree = "<group>";
		};
		0120CC451D43D0F400833968 /* RGB SlidersUITests */ = {
			isa = PBXGroup;
			children = (
				0120CC461D43D0F400833968 /* RGB_SlidersUITests.swift */,
				0120CC481D43D0F400833968 /* Info.plist */,
			);
			path = "RGB SlidersUITests";
			sourceTree = "<group>";
		};
/* End PBXGroup section */

/* Begin PBXNativeTarget section */
		0120CC1F1D43D0F300833968 /* RGB Sliders */ = {
			isa = PBXNativeTarget;
			buildConfigurationList = 0120CC4B1D43D0F400833968 /* Build configuration list for PBXNativeTarget "RGB Sliders" */;
			buildPhases = (
				0120CC1C1D43D0F300833968 /* Sources */,
				0120CC1D1D43D0F300833968 /* Frameworks */,
				0120CC1E1D43D0F300833968 /* Resources */,
			);
			buildRules = (
			);
			dependencies = (
			);
			name = "RGB Sliders";
			productName = "RGB Sliders";
			productReference = 0120CC201D43D0F300833968 /* RGB Sliders.app */;
			productType = "com.apple.product-type.application";
		};
		0120CC361D43D0F400833968 /* RGB SlidersTests */ = {
			isa = PBXNativeTarget;
			buildConfigurationList = 0120CC4E1D43D0F400833968 /* Build configuration list for PBXNativeTarget "RGB SlidersTests" */;
			buildPhases = (
				0120CC331D43D0F400833968 /* Sources */,
				0120CC341D43D0F400833968 /* Frameworks */,
				0120CC351D43D0F400833968 /* Resources */,
			);
			buildRules = (
			);
			dependencies = (
				0120CC391D43D0F400833968 /* PBXTargetDependency */,
			);
			name = "RGB SlidersTests";
			productName = "RGB SlidersTests";
			productReference = 0120CC371D43D0F400833968 /* RGB SlidersTests.xctest */;
			productType = "com.apple.product-type.bundle.unit-test";
		};
		0120CC411D43D0F400833968 /* RGB SlidersUITests */ = {
			isa = PBXNativeTarget;
			buildConfigurationList = 0120CC511D43D0F400833968 /* Build configuration list for PBXNativeTarget "RGB SlidersUITests" */;
			buildPhases = (
				0120CC3E1D43D0F400833968 /* Sources */,
				0120CC3F1D43D0F400833968 /* Frameworks */,
				0120CC401D43D0F400833968 /* Resources */,
			);
			buildRules = (
			);
			dependencies = (
				0120CC441D43D0F400833968 /* PBXTargetDependency */,
			);
			name = "RGB SlidersUITests";
			productName = "RGB SlidersUITests";
			productReference = 0120CC421D43D0F400833968 /* RGB SlidersUITests.xctest */;
			productType = "com.apple.product-type.bundle.ui-testing";
		};
/* End PBXNativeTarget section */

/* Begin PBXProject section */
		0120CC181D43D0F300833968 /* Project object */ = {
			isa = PBXProject;
			attributes = {
				LastSwiftUpdateCheck = 0730;
				LastUpgradeCheck = 0730;
				ORGANIZATIONNAME = "Daniel Stallworth";
				TargetAttributes = {
					0120CC1F1D43D0F300833968 = {
						CreatedOnToolsVersion = 7.3.1;
					};
					0120CC361D43D0F400833968 = {
						CreatedOnToolsVersion = 7.3.1;
						TestTargetID = 0120CC1F1D43D0F300833968;
					};
					0120CC411D43D0F400833968 = {
						CreatedOnToolsVersion = 7.3.1;
						TestTargetID = 0120CC1F1D43D0F300833968;
					};
				};
			};
			buildConfigurationList = 0120CC1B1D43D0F300833968 /* Build configuration list for PBXProject "RGB Sliders" */;
			compatibilityVersion = "Xcode 3.2";
			developmentRegion = English;
			hasScannedForEncodings = 0;
			knownRegions = (
				en,
				Base,
			);
			mainGroup = 0120CC171D43D0F300833968;
			productRefGroup = 0120CC211D43D0F300833968 /* Products */;
			projectDirPath = "";
			projectRoot = "";
			targets = (
				0120CC1F1D43D0F300833968 /* RGB Sliders */,
				0120CC361D43D0F400833968 /* RGB SlidersTests */,
				0120CC411D43D0F400833968 /* RGB SlidersUITests */,
			);
		};
/* End PBXProject section */

/* Begin PBXResourcesBuildPhase section */
		0120CC1E1D43D0F300833968 /* Resources */ = {
			isa = PBXResourcesBuildPhase;
			buildActionMask = 2147483647;
			files = (
				0120CC311D43D0F300833968 /* LaunchScreen.storyboard in Resources */,
				0120CC2E1D43D0F300833968 /* Assets.xcassets in Resources */,
				0120CC291D43D0F300833968 /* Main.storyboard in Resources */,
			);
			runOnlyForDeploymentPostprocessing = 0;
		};
		0120CC351D43D0F400833968 /* Resources */ = {
			isa = PBXResourcesBuildPhase;
			buildActionMask = 2147483647;
			files = (
			);
			runOnlyForDeploymentPostprocessing = 0;
		};
		0120CC401D43D0F400833968 /* Resources */ = {
			isa = PBXResourcesBuildPhase;
			buildActionMask = 2147483647;
			files = (
			);
			runOnlyForDeploymentPostprocessing = 0;
		};
/* End PBXResourcesBuildPhase section */

/* Begin PBXSourcesBuildPhase section */
		0120CC1C1D43D0F300833968 /* Sources */ = {
			isa = PBXSourcesBuildPhase;
			buildActionMask = 2147483647;
			files = (
				0120CC2C1D43D0F300833968 /* RGB_Sliders.xcdatamodeld in Sources */,
				0120CC261D43D0F300833968 /* ViewController.swift in Sources */,
				0120CC241D43D0F300833968 /* AppDelegate.swift in Sources */,
			);
			runOnlyForDeploymentPostprocessing = 0;
		};
		0120CC331D43D0F400833968 /* Sources */ = {
			isa = PBXSourcesBuildPhase;
			buildActionMask = 2147483647;
			files = (
				0120CC3C1D43D0F400833968 /* RGB_SlidersTests.swift in Sources */,
			);
			runOnlyForDeploymentPostprocessing = 0;
		};
		0120CC3E1D43D0F400833968 /* Sources */ = {
			isa = PBXSourcesBuildPhase;
			buildActionMask = 2147483647;
			files = (
				0120CC471D43D0F400833968 /* RGB_SlidersUITests.swift in Sources */,
			);
			runOnlyForDeploymentPostprocessing = 0;
		};
/* End PBXSourcesBuildPhase section */

/* Begin PBXTargetDependency section */
		0120CC391D43D0F400833968 /* PBXTargetDependency */ = {
			isa = PBXTargetDependency;
			target = 0120CC1F1D43D0F300833968 /* RGB Sliders */;
			targetProxy = 0120CC381D43D0F400833968 /* PBXContainerItemProxy */;
		};
		0120CC441D43D0F400833968 /* PBXTargetDependency */ = {
			isa = PBXTargetDependency;
			target = 0120CC1F1D43D0F300833968 /* RGB Sliders */;
			targetProxy = 0120CC431D43D0F400833968 /* PBXContainerItemProxy */;
		};
/* End PBXTargetDependency section */

/* Begin PBXVariantGroup section */
		0120CC271D43D0F300833968 /* Main.storyboard */ = {
			isa = PBXVariantGroup;
			children = (
				0120CC281D43D0F300833968 /* Base */,
			);
			name = Main.storyboard;
			sourceTree = "<group>";
		};
		0120CC2F1D43D0F300833968 /* LaunchScreen.storyboard */ = {
			isa = PBXVariantGroup;
			children = (
				0120CC301D43D0F300833968 /* Base */,
			);
			name = LaunchScreen.storyboard;
			sourceTree = "<group>";
		};
/* End PBXVariantGroup section */

/* Begin XCBuildConfiguration section */
		0120CC491D43D0F400833968 /* Debug */ = {
			isa = XCBuildConfiguration;
			buildSettings = {
				ALWAYS_SEARCH_USER_PATHS = NO;
				CLANG_ANALYZER_NONNULL = YES;
				CLANG_CXX_LANGUAGE_STANDARD = "gnu++0x";
				CLANG_CXX_LIBRARY = "libc++";
				CLANG_ENABLE_MODULES = YES;
				CLANG_ENABLE_OBJC_ARC = YES;
				CLANG_WARN_BOOL_CONVERSION = YES;
				CLANG_WARN_CONSTANT_CONVERSION = YES;
				CLANG_WARN_DIRECT_OBJC_ISA_USAGE = YES_ERROR;
				CLANG_WARN_EMPTY_BODY = YES;
				CLANG_WARN_ENUM_CONVERSION = YES;
				CLANG_WARN_INT_CONVERSION = YES;
				CLANG_WARN_OBJC_ROOT_CLASS = YES_ERROR;
				CLANG_WARN_UNREACHABLE_CODE = YES;
				CLANG_WARN__DUPLICATE_METHOD_MATCH = YES;
				"CODE_SIGN_IDENTITY[sdk=iphoneos*]" = "iPhone Developer";
				COPY_PHASE_STRIP = NO;
				DEBUG_INFORMATION_FORMAT = dwarf;
				ENABLE_STRICT_OBJC_MSGSEND = YES;
				ENABLE_TESTABILITY = YES;
				GCC_C_LANGUAGE_STANDARD = gnu99;
				GCC_DYNAMIC_NO_PIC = NO;
				GCC_NO_COMMON_BLOCKS = YES;
				GCC_OPTIMIZATION_LEVEL = 0;
				GCC_PREPROCESSOR_DEFINITIONS = (
					"DEBUG=1",
					"$(inherited)",
				);
				GCC_WARN_64_TO_32_BIT_CONVERSION = YES;
				GCC_WARN_ABOUT_RETURN_TYPE = YES_ERROR;
				GCC_WARN_UNDECLARED_SELECTOR = YES;
				GCC_WARN_UNINITIALIZED_AUTOS = YES_AGGRESSIVE;
				GCC_WARN_UNUSED_FUNCTION = YES;
				GCC_WARN_UNUSED_VARIABLE = YES;
				IPHONEOS_DEPLOYMENT_TARGET = 9.3;
				MTL_ENABLE_DEBUG_INFO = YES;
				ONLY_ACTIVE_ARCH = YES;
				SDKROOT = iphoneos;
				SWIFT_OPTIMIZATION_LEVEL = "-Onone";
			};
			name = Debug;
		};
		0120CC4A1D43D0F400833968 /* Release */ = {
			isa = XCBuildConfiguration;
			buildSettings = {
				ALWAYS_SEARCH_USER_PATHS = NO;
				CLANG_ANALYZER_NONNULL = YES;
				CLANG_CXX_LANGUAGE_STANDARD = "gnu++0x";
				CLANG_CXX_LIBRARY = "libc++";
				CLANG_ENABLE_MODULES = YES;
				CLANG_ENABLE_OBJC_ARC = YES;
				CLANG_WARN_BOOL_CONVERSION = YES;
				CLANG_WARN_CONSTANT_CONVERSION = YES;
				CLANG_WARN_DIRECT_OBJC_ISA_USAGE = YES_ERROR;
				CLANG_WARN_EMPTY_BODY = YES;
				CLANG_WARN_ENUM_CONVERSION = YES;
				CLANG_WARN_INT_CONVERSION = YES;
				CLANG_WARN_OBJC_ROOT_CLASS = YES_ERROR;
				CLANG_WARN_UNREACHABLE_CODE = YES;
				CLANG_WARN__DUPLICATE_METHOD_MATCH = YES;
				"CODE_SIGN_IDENTITY[sdk=iphoneos*]" = "iPhone Developer";
				COPY_PHASE_STRIP = NO;
				DEBUG_INFORMATION_FORMAT = "dwarf-with-dsym";
				ENABLE_NS_ASSERTIONS = NO;
				ENABLE_STRICT_OBJC_MSGSEND = YES;
				GCC_C_LANGUAGE_STANDARD = gnu99;
				GCC_NO_COMMON_BLOCKS = YES;
				GCC_WARN_64_TO_32_BIT_CONVERSION = YES;
				GCC_WARN_ABOUT_RETURN_TYPE = YES_ERROR;
				GCC_WARN_UNDECLARED_SELECTOR = YES;
				GCC_WARN_UNINITIALIZED_AUTOS = YES_AGGRESSIVE;
				GCC_WARN_UNUSED_FUNCTION = YES;
				GCC_WARN_UNUSED_VARIABLE = YES;
				IPHONEOS_DEPLOYMENT_TARGET = 9.3;
				MTL_ENABLE_DEBUG_INFO = NO;
				SDKROOT = iphoneos;
				VALIDATE_PRODUCT = YES;
			};
			name = Release;
		};
		0120CC4C1D43D0F400833968 /* Debug */ = {
			isa = XCBuildConfiguration;
			buildSettings = {
				ASSETCATALOG_COMPILER_APPICON_NAME = AppIcon;
				INFOPLIST_FILE = "RGB Sliders/Info.plist";
				LD_RUNPATH_SEARCH_PATHS = "$(inherited) @executable_path/Frameworks";
				PRODUCT_BUNDLE_IDENTIFIER = "com.danielstallworth.RGB-Sliders";
				PRODUCT_NAME = "$(TARGET_NAME)";
			};
			name = Debug;
		};
		0120CC4D1D43D0F400833968 /* Release */ = {
			isa = XCBuildConfiguration;
			buildSettings = {
				ASSETCATALOG_COMPILER_APPICON_NAME = AppIcon;
				INFOPLIST_FILE = "RGB Sliders/Info.plist";
				LD_RUNPATH_SEARCH_PATHS = "$(inherited) @executable_path/Frameworks";
				PRODUCT_BUNDLE_IDENTIFIER = "com.danielstallworth.RGB-Sliders";
				PRODUCT_NAME = "$(TARGET_NAME)";
			};
			name = Release;
		};
		0120CC4F1D43D0F400833968 /* Debug */ = {
			isa = XCBuildConfiguration;
			buildSettings = {
				BUNDLE_LOADER = "$(TEST_HOST)";
				INFOPLIST_FILE = "RGB SlidersTests/Info.plist";
				LD_RUNPATH_SEARCH_PATHS = "$(inherited) @executable_path/Frameworks @loader_path/Frameworks";
				PRODUCT_BUNDLE_IDENTIFIER = "com.danielstallworth.RGB-SlidersTests";
				PRODUCT_NAME = "$(TARGET_NAME)";
				TEST_HOST = "$(BUILT_PRODUCTS_DIR)/RGB Sliders.app/RGB Sliders";
			};
			name = Debug;
		};
		0120CC501D43D0F400833968 /* Release */ = {
			isa = XCBuildConfiguration;
			buildSettings = {
				BUNDLE_LOADER = "$(TEST_HOST)";
				INFOPLIST_FILE = "RGB SlidersTests/Info.plist";
				LD_RUNPATH_SEARCH_PATHS = "$(inherited) @executable_path/Frameworks @loader_path/Frameworks";
				PRODUCT_BUNDLE_IDENTIFIER = "com.danielstallworth.RGB-SlidersTests";
				PRODUCT_NAME = "$(TARGET_NAME)";
				TEST_HOST = "$(BUILT_PRODUCTS_DIR)/RGB Sliders.app/RGB Sliders";
			};
			name = Release;
		};
		0120CC521D43D0F400833968 /* Debug */ = {
			isa = XCBuildConfiguration;
			buildSettings = {
				INFOPLIST_FILE = "RGB SlidersUITests/Info.plist";
				LD_RUNPATH_SEARCH_PATHS = "$(inherited) @executable_path/Frameworks @loader_path/Frameworks";
				PRODUCT_BUNDLE_IDENTIFIER = "com.danielstallworth.RGB-SlidersUITests";
				PRODUCT_NAME = "$(TARGET_NAME)";
				TEST_TARGET_NAME = "RGB Sliders";
			};
			name = Debug;
		};
		0120CC531D43D0F400833968 /* Release */ = {
			isa = XCBuildConfiguration;
			buildSettings = {
				INFOPLIST_FILE = "RGB SlidersUITests/Info.plist";
				LD_RUNPATH_SEARCH_PATHS = "$(inherited) @executable_path/Frameworks @loader_path/Frameworks";
				PRODUCT_BUNDLE_IDENTIFIER = "com.danielstallworth.RGB-SlidersUITests";
				PRODUCT_NAME = "$(TARGET_NAME)";
				TEST_TARGET_NAME = "RGB Sliders";
			};
			name = Release;
		};
/* End XCBuildConfiguration section */

/* Begin XCConfigurationList section */
		0120CC1B1D43D0F300833968 /* Build configuration list for PBXProject "RGB Sliders" */ = {
			isa = XCConfigurationList;
			buildConfigurations = (
				0120CC491D43D0F400833968 /* Debug */,
				0120CC4A1D43D0F400833968 /* Release */,
			);
			defaultConfigurationIsVisible = 0;
			defaultConfigurationName = Release;
		};
		0120CC4B1D43D0F400833968 /* Build configuration list for PBXNativeTarget "RGB Sliders" */ = {
			isa = XCConfigurationList;
			buildConfigurations = (
				0120CC4C1D43D0F400833968 /* Debug */,
				0120CC4D1D43D0F400833968 /* Release */,
			);
			defaultConfigurationIsVisible = 0;
		};
		0120CC4E1D43D0F400833968 /* Build configuration list for PBXNativeTarget "RGB SlidersTests" */ = {
			isa = XCConfigurationList;
			buildConfigurations = (
				0120CC4F1D43D0F400833968 /* Debug */,
				0120CC501D43D0F400833968 /* Release */,
			);
			defaultConfigurationIsVisible = 0;
		};
		0120CC511D43D0F400833968 /* Build configuration list for PBXNativeTarget "RGB SlidersUITests" */ = {
			isa = XCConfigurationList;
			buildConfigurations = (
				0120CC521D43D0F400833968 /* Debug */,
				0120CC531D43D0F400833968 /* Release */,
			);
			defaultConfigurationIsVisible = 0;
		};
/* End XCConfigurationList section */

/* Begin XCVersionGroup section */
		0120CC2A1D43D0F300833968 /* RGB_Sliders.xcdatamodeld */ = {
			isa = XCVersionGroup;
			children = (
				0120CC2B1D43D0F300833968 /* RGB_Sliders.xcdatamodel */,
			);
			currentVersion = 0120CC2B1D43D0F300833968 /* RGB_Sliders.xcdatamodel */;
			path = RGB_Sliders.xcdatamodeld;
			sourceTree = "<group>";
			versionGroupType = wrapper.xcdatamodel;
		};
/* End XCVersionGroup section */
	};
	rootObject = 0120CC181D43D0F300833968 /* Project object */;
}
